
Microsoft Visual Studio Solution File, Format Version 12.00
# Visual Studio Version 16
VisualStudioVersion = 16.0.30204.135
MinimumVisualStudioVersion = 10.0.40219.1
Project("{9A19103F-16F7-4668-BE54-9A1E7A4F7556}") = "Altair.Core", "Altair.Core\Altair.Core.csproj", "{A9474D13-A118-479C-B645-54522484FCDB}"
EndProject
Project("{9A19103F-16F7-4668-BE54-9A1E7A4F7556}") = "Stars.Core", "Stars.Core\Stars.Core.csproj", "{6DD4904F-DEB0-4D5D-BAB9-2DCFCD90BF98}"
EndProject
Project("{2150E333-8FDC-42A3-9474-1A3956D46DE8}") = "Stars", "Stars", "{4A872D52-C30B-4E0D-8B99-2C1E738EEE5C}"
EndProject
Project("{2150E333-8FDC-42A3-9474-1A3956D46DE8}") = "Altair", "Altair", "{B19419A4-BCC8-43B7-BDD6-CF18AC62324E}"
EndProject
Project("{FAE04EC0-301F-11D3-BF4B-00C04F79EFBC}") = "Stars.Dal", "Stars.Dal\Stars.Dal.csproj", "{86C0B4FA-DD28-46ED-AEF1-D090A7B819A2}"
EndProject
Project("{FAE04EC0-301F-11D3-BF4B-00C04F79EFBC}") = "Altair.Business", "Altair.Business\Altair.Business.csproj", "{5A11F8F4-CD9F-4F6E-A2CF-75BAF58FD5E8}"
EndProject
Project("{FAE04EC0-301F-11D3-BF4B-00C04F79EFBC}") = "Altair.Dal", "Altair.Dal\Altair.Dal.csproj", "{E243884F-8FE6-4152-B8F6-A3D51E84CF9C}"
EndProject
Project("{FAE04EC0-301F-11D3-BF4B-00C04F79EFBC}") = "Stars.Dal.EntityFramework", "Stars.Dal.EntityFramework\Stars.Dal.EntityFramework.csproj", "{983F2111-C8E7-47D1-8EC3-E2F3DDF612AE}"
EndProject
Project("{9A19103F-16F7-4668-BE54-9A1E7A4F7556}") = "Altair.Api.Root", "Altair.Api.Root\Altair.Api.Root.csproj", "{4600F0F5-CEE9-4C42-BE21-992E80633494}"
EndProject
Project("{FAE04EC0-301F-11D3-BF4B-00C04F79EFBC}") = "Altair.Api", "Altair.Api\Altair.Api.csproj", "{1F6520B3-D748-476D-AB55-7B339117D78F}"
EndProject
Global
	GlobalSection(SolutionConfigurationPlatforms) = preSolution
		Debug|Any CPU = Debug|Any CPU
		Release|Any CPU = Release|Any CPU
	EndGlobalSection
	GlobalSection(ProjectConfigurationPlatforms) = postSolution
		{A9474D13-A118-479C-B645-54522484FCDB}.Debug|Any CPU.ActiveCfg = Debug|Any CPU
		{A9474D13-A118-479C-B645-54522484FCDB}.Debug|Any CPU.Build.0 = Debug|Any CPU
		{A9474D13-A118-479C-B645-54522484FCDB}.Release|Any CPU.ActiveCfg = Release|Any CPU
		{A9474D13-A118-479C-B645-54522484FCDB}.Release|Any CPU.Build.0 = Release|Any CPU
		{6DD4904F-DEB0-4D5D-BAB9-2DCFCD90BF98}.Debug|Any CPU.ActiveCfg = Debug|Any CPU
		{6DD4904F-DEB0-4D5D-BAB9-2DCFCD90BF98}.Debug|Any CPU.Build.0 = Debug|Any CPU
		{6DD4904F-DEB0-4D5D-BAB9-2DCFCD90BF98}.Release|Any CPU.ActiveCfg = Release|Any CPU
		{6DD4904F-DEB0-4D5D-BAB9-2DCFCD90BF98}.Release|Any CPU.Build.0 = Release|Any CPU
		{86C0B4FA-DD28-46ED-AEF1-D090A7B819A2}.Debug|Any CPU.ActiveCfg = Debug|Any CPU
		{86C0B4FA-DD28-46ED-AEF1-D090A7B819A2}.Debug|Any CPU.Build.0 = Debug|Any CPU
		{86C0B4FA-DD28-46ED-AEF1-D090A7B819A2}.Release|Any CPU.ActiveCfg = Release|Any CPU
		{86C0B4FA-DD28-46ED-AEF1-D090A7B819A2}.Release|Any CPU.Build.0 = Release|Any CPU
		{5A11F8F4-CD9F-4F6E-A2CF-75BAF58FD5E8}.Debug|Any CPU.ActiveCfg = Debug|Any CPU
		{5A11F8F4-CD9F-4F6E-A2CF-75BAF58FD5E8}.Debug|Any CPU.Build.0 = Debug|Any CPU
		{5A11F8F4-CD9F-4F6E-A2CF-75BAF58FD5E8}.Release|Any CPU.ActiveCfg = Release|Any CPU
		{5A11F8F4-CD9F-4F6E-A2CF-75BAF58FD5E8}.Release|Any CPU.Build.0 = Release|Any CPU
		{E243884F-8FE6-4152-B8F6-A3D51E84CF9C}.Debug|Any CPU.ActiveCfg = Debug|Any CPU
		{E243884F-8FE6-4152-B8F6-A3D51E84CF9C}.Debug|Any CPU.Build.0 = Debug|Any CPU
		{E243884F-8FE6-4152-B8F6-A3D51E84CF9C}.Release|Any CPU.ActiveCfg = Release|Any CPU
		{E243884F-8FE6-4152-B8F6-A3D51E84CF9C}.Release|Any CPU.Build.0 = Release|Any CPU
		{983F2111-C8E7-47D1-8EC3-E2F3DDF612AE}.Debug|Any CPU.ActiveCfg = Debug|Any CPU
		{983F2111-C8E7-47D1-8EC3-E2F3DDF612AE}.Debug|Any CPU.Build.0 = Debug|Any CPU
		{983F2111-C8E7-47D1-8EC3-E2F3DDF612AE}.Release|Any CPU.ActiveCfg = Release|Any CPU
		{983F2111-C8E7-47D1-8EC3-E2F3DDF612AE}.Release|Any CPU.Build.0 = Release|Any CPU
		{4600F0F5-CEE9-4C42-BE21-992E80633494}.Debug|Any CPU.ActiveCfg = Debug|Any CPU
		{4600F0F5-CEE9-4C42-BE21-992E80633494}.Debug|Any CPU.Build.0 = Debug|Any CPU
		{4600F0F5-CEE9-4C42-BE21-992E80633494}.Release|Any CPU.ActiveCfg = Release|Any CPU
		{4600F0F5-CEE9-4C42-BE21-992E80633494}.Release|Any CPU.Build.0 = Release|Any CPU
		{1F6520B3-D748-476D-AB55-7B339117D78F}.Debug|Any CPU.ActiveCfg = Debug|Any CPU
		{1F6520B3-D748-476D-AB55-7B339117D78F}.Debug|Any CPU.Build.0 = Debug|Any CPU
		{1F6520B3-D748-476D-AB55-7B339117D78F}.Release|Any CPU.ActiveCfg = Release|Any CPU
		{1F6520B3-D748-476D-AB55-7B339117D78F}.Release|Any CPU.Build.0 = Release|Any CPU
	EndGlobalSection
	GlobalSection(SolutionProperties) = preSolution
		HideSolutionNode = FALSE
	EndGlobalSection
	GlobalSection(NestedProjects) = preSolution
		{A9474D13-A118-479C-B645-54522484FCDB} = {B19419A4-BCC8-43B7-BDD6-CF18AC62324E}
		{6DD4904F-DEB0-4D5D-BAB9-2DCFCD90BF98} = {4A872D52-C30B-4E0D-8B99-2C1E738EEE5C}
		{86C0B4FA-DD28-46ED-AEF1-D090A7B819A2} = {4A872D52-C30B-4E0D-8B99-2C1E738EEE5C}
		{5A11F8F4-CD9F-4F6E-A2CF-75BAF58FD5E8} = {B19419A4-BCC8-43B7-BDD6-CF18AC62324E}
		{E243884F-8FE6-4152-B8F6-A3D51E84CF9C} = {B19419A4-BCC8-43B7-BDD6-CF18AC62324E}
		{983F2111-C8E7-47D1-8EC3-E2F3DDF612AE} = {4A872D52-C30B-4E0D-8B99-2C1E738EEE5C}
		{4600F0F5-CEE9-4C42-BE21-992E80633494} = {B19419A4-BCC8-43B7-BDD6-CF18AC62324E}
		{1F6520B3-D748-476D-AB55-7B339117D78F} = {B19419A4-BCC8-43B7-BDD6-CF18AC62324E}
	EndGlobalSection
	GlobalSection(ExtensibilityGlobals) = postSolution
		SolutionGuid = {A2FD821D-2350-45A4-B133-18C8F64EA960}
	EndGlobalSection
EndGlobal
