
Microsoft Visual Studio Solution File, Format Version 12.00
# Visual Studio Version 16
VisualStudioVersion = 16.0.30204.135
MinimumVisualStudioVersion = 10.0.40219.1
Project("{9A19103F-16F7-4668-BE54-9A1E7A4F7556}") = "Altair.Core", "Altair.Core\Altair.Core.csproj", "{A9474D13-A118-479C-B645-54522484FCDB}"
EndProject
Project("{9A19103F-16F7-4668-BE54-9A1E7A4F7556}") = "Stars.Core", "Stars.Core\Stars.Core.csproj", "{6DD4904F-DEB0-4D5D-BAB9-2DCFCD90BF98}"
EndProject
Project("{2150E333-8FDC-42A3-9474-1A3956D46DE8}") = "Stars", "Stars", "{4A872D52-C30B-4E0D-8B99-2C1E738EEE5C}"
EndProject
Project("{2150E333-8FDC-42A3-9474-1A3956D46DE8}") = "Altair", "Altair", "{B19419A4-BCC8-43B7-BDD6-CF18AC62324E}"
EndProject
Project("{9A19103F-16F7-4668-BE54-9A1E7A4F7556}") = "Stars.Dal", "Stars.Dal\Stars.Dal.csproj", "{86C0B4FA-DD28-46ED-AEF1-D090A7B819A2}"
EndProject
Project("{9A19103F-16F7-4668-BE54-9A1E7A4F7556}") = "Altair.Business", "Altair.Business\Altair.Business.csproj", "{5A11F8F4-CD9F-4F6E-A2CF-75BAF58FD5E8}"
EndProject
Project("{9A19103F-16F7-4668-BE54-9A1E7A4F7556}") = "Altair.Dal", "Altair.Dal\Altair.Dal.csproj", "{E243884F-8FE6-4152-B8F6-A3D51E84CF9C}"
EndProject
Project("{9A19103F-16F7-4668-BE54-9A1E7A4F7556}") = "Stars.Dal.EntityFramework", "Stars.Dal.EntityFramework\Stars.Dal.EntityFramework.csproj", "{983F2111-C8E7-47D1-8EC3-E2F3DDF612AE}"
EndProject
Project("{9A19103F-16F7-4668-BE54-9A1E7A4F7556}") = "Altair.Api.Root", "Altair.Api.Root\Altair.Api.Root.csproj", "{4600F0F5-CEE9-4C42-BE21-992E80633494}"
EndProject
Project("{9A19103F-16F7-4668-BE54-9A1E7A4F7556}") = "Altair.Api", "Altair.Api\Altair.Api.csproj", "{1F6520B3-D748-476D-AB55-7B339117D78F}"
EndProject
Project("{9A19103F-16F7-4668-BE54-9A1E7A4F7556}") = "Stars.Api.Root", "Stars.Api.Root\Stars.Api.Root.csproj", "{F405C799-FE03-4FCA-89F1-59E932D14D5B}"
EndProject
Project("{9A19103F-16F7-4668-BE54-9A1E7A4F7556}") = "Stars.Api", "Stars.Api\Stars.Api.csproj", "{F12E8EC3-DADC-4EF4-B834-137220CB313C}"
EndProject
Project("{9A19103F-16F7-4668-BE54-9A1E7A4F7556}") = "Stars.Business", "Stars.Business\Stars.Business.csproj", "{964F3CF6-0E81-4C91-8AA7-1CA4787F8076}"
EndProject
Project("{2150E333-8FDC-42A3-9474-1A3956D46DE8}") = "Deneb", "Deneb", "{CFBC6531-751C-4189-A935-85A74A349FF9}"
EndProject
Project("{9A19103F-16F7-4668-BE54-9A1E7A4F7556}") = "Deneb.Core", "Deneb.Core\Deneb.Core.csproj", "{4ADD3075-D395-483A-9497-6603D74E4D7F}"
EndProject
Project("{9A19103F-16F7-4668-BE54-9A1E7A4F7556}") = "Deneb.Dal", "Deneb.Dal\Deneb.Dal.csproj", "{EFFE7DAE-8381-463F-B841-EB6368352AF1}"
EndProject
Project("{9A19103F-16F7-4668-BE54-9A1E7A4F7556}") = "Deneb.Business", "Deneb.Business\Deneb.Business.csproj", "{E8FE13D3-113C-405F-BFA6-5906FF0B88CE}"
EndProject
Project("{9A19103F-16F7-4668-BE54-9A1E7A4F7556}") = "Deneb.Api", "Deneb.Api\Deneb.Api.csproj", "{10E7309A-B7BC-4EE4-9B57-7D062AB3111C}"
EndProject
Project("{9A19103F-16F7-4668-BE54-9A1E7A4F7556}") = "Deneb.Api.Root", "Deneb.Api.Root\Deneb.Api.Root.csproj", "{ACCD69BA-43F1-4F0C-AFD2-F7FC0EC62E00}"
EndProject
Project("{9A19103F-16F7-4668-BE54-9A1E7A4F7556}") = "Deneb.Mq", "Deneb.Mq\Deneb.Mq.csproj", "{843F5615-00BD-4288-8CE6-3CDFA7766C19}"
EndProject
Project("{9A19103F-16F7-4668-BE54-9A1E7A4F7556}") = "Stars.Mq", "Stars.Mq\Stars.Mq.csproj", "{71A6E1E9-393C-42F2-906A-20C0F2FD0760}"
EndProject
Project("{2150E333-8FDC-42A3-9474-1A3956D46DE8}") = "Vega", "Vega", "{7D555450-D3A0-4E14-B8A2-9998CE8E059E}"
EndProject
Project("{9A19103F-16F7-4668-BE54-9A1E7A4F7556}") = "Vega.Core", "Vega.Core\Vega.Core.csproj", "{CC626F2A-1170-48E2-821D-F355387B5125}"
EndProject
Project("{9A19103F-16F7-4668-BE54-9A1E7A4F7556}") = "Vega.Dal", "Vega.Dal\Vega.Dal.csproj", "{2EF51DB1-91CA-4BE9-A87F-959EB45F7DA3}"
EndProject
Project("{9A19103F-16F7-4668-BE54-9A1E7A4F7556}") = "Vega.Business", "Vega.Business\Vega.Business.csproj", "{542013F6-902C-486F-A0AA-B07836540C0C}"
EndProject
Project("{9A19103F-16F7-4668-BE54-9A1E7A4F7556}") = "Vega.Api", "Vega.Api\Vega.Api.csproj", "{F47DFFFB-CAB6-4074-A26E-9B5C71E2B681}"
EndProject
Project("{9A19103F-16F7-4668-BE54-9A1E7A4F7556}") = "Vega.Api.Root", "Vega.Api.Root\Vega.Api.Root.csproj", "{EB59A28E-48A3-430B-8FEC-0481E59796DA}"
EndProject
Project("{9A19103F-16F7-4668-BE54-9A1E7A4F7556}") = "Altair.Business.Tests", "Altair.Business.Tests\Altair.Business.Tests.csproj", "{3C29D632-431A-4935-86CA-D5BB23A217A4}"
EndProject
Project("{FAE04EC0-301F-11D3-BF4B-00C04F79EFBC}") = "Stars.Business.Tests", "Stars.Business.Tests\Stars.Business.Tests.csproj", "{F485C621-CCB1-4E93-81A6-F84220EF3C6F}"
EndProject
Global
	GlobalSection(SolutionConfigurationPlatforms) = preSolution
		Debug|Any CPU = Debug|Any CPU
		Release|Any CPU = Release|Any CPU
	EndGlobalSection
	GlobalSection(ProjectConfigurationPlatforms) = postSolution
		{A9474D13-A118-479C-B645-54522484FCDB}.Debug|Any CPU.ActiveCfg = Debug|Any CPU
		{A9474D13-A118-479C-B645-54522484FCDB}.Debug|Any CPU.Build.0 = Debug|Any CPU
		{A9474D13-A118-479C-B645-54522484FCDB}.Release|Any CPU.ActiveCfg = Release|Any CPU
		{A9474D13-A118-479C-B645-54522484FCDB}.Release|Any CPU.Build.0 = Release|Any CPU
		{6DD4904F-DEB0-4D5D-BAB9-2DCFCD90BF98}.Debug|Any CPU.ActiveCfg = Debug|Any CPU
		{6DD4904F-DEB0-4D5D-BAB9-2DCFCD90BF98}.Debug|Any CPU.Build.0 = Debug|Any CPU
		{6DD4904F-DEB0-4D5D-BAB9-2DCFCD90BF98}.Release|Any CPU.ActiveCfg = Release|Any CPU
		{6DD4904F-DEB0-4D5D-BAB9-2DCFCD90BF98}.Release|Any CPU.Build.0 = Release|Any CPU
		{86C0B4FA-DD28-46ED-AEF1-D090A7B819A2}.Debug|Any CPU.ActiveCfg = Debug|Any CPU
		{86C0B4FA-DD28-46ED-AEF1-D090A7B819A2}.Debug|Any CPU.Build.0 = Debug|Any CPU
		{86C0B4FA-DD28-46ED-AEF1-D090A7B819A2}.Release|Any CPU.ActiveCfg = Release|Any CPU
		{86C0B4FA-DD28-46ED-AEF1-D090A7B819A2}.Release|Any CPU.Build.0 = Release|Any CPU
		{5A11F8F4-CD9F-4F6E-A2CF-75BAF58FD5E8}.Debug|Any CPU.ActiveCfg = Debug|Any CPU
		{5A11F8F4-CD9F-4F6E-A2CF-75BAF58FD5E8}.Debug|Any CPU.Build.0 = Debug|Any CPU
		{5A11F8F4-CD9F-4F6E-A2CF-75BAF58FD5E8}.Release|Any CPU.ActiveCfg = Release|Any CPU
		{5A11F8F4-CD9F-4F6E-A2CF-75BAF58FD5E8}.Release|Any CPU.Build.0 = Release|Any CPU
		{E243884F-8FE6-4152-B8F6-A3D51E84CF9C}.Debug|Any CPU.ActiveCfg = Debug|Any CPU
		{E243884F-8FE6-4152-B8F6-A3D51E84CF9C}.Debug|Any CPU.Build.0 = Debug|Any CPU
		{E243884F-8FE6-4152-B8F6-A3D51E84CF9C}.Release|Any CPU.ActiveCfg = Release|Any CPU
		{E243884F-8FE6-4152-B8F6-A3D51E84CF9C}.Release|Any CPU.Build.0 = Release|Any CPU
		{983F2111-C8E7-47D1-8EC3-E2F3DDF612AE}.Debug|Any CPU.ActiveCfg = Debug|Any CPU
		{983F2111-C8E7-47D1-8EC3-E2F3DDF612AE}.Debug|Any CPU.Build.0 = Debug|Any CPU
		{983F2111-C8E7-47D1-8EC3-E2F3DDF612AE}.Release|Any CPU.ActiveCfg = Release|Any CPU
		{983F2111-C8E7-47D1-8EC3-E2F3DDF612AE}.Release|Any CPU.Build.0 = Release|Any CPU
		{4600F0F5-CEE9-4C42-BE21-992E80633494}.Debug|Any CPU.ActiveCfg = Debug|Any CPU
		{4600F0F5-CEE9-4C42-BE21-992E80633494}.Debug|Any CPU.Build.0 = Debug|Any CPU
		{4600F0F5-CEE9-4C42-BE21-992E80633494}.Release|Any CPU.ActiveCfg = Release|Any CPU
		{4600F0F5-CEE9-4C42-BE21-992E80633494}.Release|Any CPU.Build.0 = Release|Any CPU
		{1F6520B3-D748-476D-AB55-7B339117D78F}.Debug|Any CPU.ActiveCfg = Debug|Any CPU
		{1F6520B3-D748-476D-AB55-7B339117D78F}.Debug|Any CPU.Build.0 = Debug|Any CPU
		{1F6520B3-D748-476D-AB55-7B339117D78F}.Release|Any CPU.ActiveCfg = Release|Any CPU
		{1F6520B3-D748-476D-AB55-7B339117D78F}.Release|Any CPU.Build.0 = Release|Any CPU
		{F405C799-FE03-4FCA-89F1-59E932D14D5B}.Debug|Any CPU.ActiveCfg = Debug|Any CPU
		{F405C799-FE03-4FCA-89F1-59E932D14D5B}.Debug|Any CPU.Build.0 = Debug|Any CPU
		{F405C799-FE03-4FCA-89F1-59E932D14D5B}.Release|Any CPU.ActiveCfg = Release|Any CPU
		{F405C799-FE03-4FCA-89F1-59E932D14D5B}.Release|Any CPU.Build.0 = Release|Any CPU
		{F12E8EC3-DADC-4EF4-B834-137220CB313C}.Debug|Any CPU.ActiveCfg = Debug|Any CPU
		{F12E8EC3-DADC-4EF4-B834-137220CB313C}.Debug|Any CPU.Build.0 = Debug|Any CPU
		{F12E8EC3-DADC-4EF4-B834-137220CB313C}.Release|Any CPU.ActiveCfg = Release|Any CPU
		{F12E8EC3-DADC-4EF4-B834-137220CB313C}.Release|Any CPU.Build.0 = Release|Any CPU
		{964F3CF6-0E81-4C91-8AA7-1CA4787F8076}.Debug|Any CPU.ActiveCfg = Debug|Any CPU
		{964F3CF6-0E81-4C91-8AA7-1CA4787F8076}.Debug|Any CPU.Build.0 = Debug|Any CPU
		{964F3CF6-0E81-4C91-8AA7-1CA4787F8076}.Release|Any CPU.ActiveCfg = Release|Any CPU
		{964F3CF6-0E81-4C91-8AA7-1CA4787F8076}.Release|Any CPU.Build.0 = Release|Any CPU
		{4ADD3075-D395-483A-9497-6603D74E4D7F}.Debug|Any CPU.ActiveCfg = Debug|Any CPU
		{4ADD3075-D395-483A-9497-6603D74E4D7F}.Debug|Any CPU.Build.0 = Debug|Any CPU
		{4ADD3075-D395-483A-9497-6603D74E4D7F}.Release|Any CPU.ActiveCfg = Release|Any CPU
		{4ADD3075-D395-483A-9497-6603D74E4D7F}.Release|Any CPU.Build.0 = Release|Any CPU
		{EFFE7DAE-8381-463F-B841-EB6368352AF1}.Debug|Any CPU.ActiveCfg = Debug|Any CPU
		{EFFE7DAE-8381-463F-B841-EB6368352AF1}.Debug|Any CPU.Build.0 = Debug|Any CPU
		{EFFE7DAE-8381-463F-B841-EB6368352AF1}.Release|Any CPU.ActiveCfg = Release|Any CPU
		{EFFE7DAE-8381-463F-B841-EB6368352AF1}.Release|Any CPU.Build.0 = Release|Any CPU
		{E8FE13D3-113C-405F-BFA6-5906FF0B88CE}.Debug|Any CPU.ActiveCfg = Debug|Any CPU
		{E8FE13D3-113C-405F-BFA6-5906FF0B88CE}.Debug|Any CPU.Build.0 = Debug|Any CPU
		{E8FE13D3-113C-405F-BFA6-5906FF0B88CE}.Release|Any CPU.ActiveCfg = Release|Any CPU
		{E8FE13D3-113C-405F-BFA6-5906FF0B88CE}.Release|Any CPU.Build.0 = Release|Any CPU
		{10E7309A-B7BC-4EE4-9B57-7D062AB3111C}.Debug|Any CPU.ActiveCfg = Debug|Any CPU
		{10E7309A-B7BC-4EE4-9B57-7D062AB3111C}.Debug|Any CPU.Build.0 = Debug|Any CPU
		{10E7309A-B7BC-4EE4-9B57-7D062AB3111C}.Release|Any CPU.ActiveCfg = Release|Any CPU
		{10E7309A-B7BC-4EE4-9B57-7D062AB3111C}.Release|Any CPU.Build.0 = Release|Any CPU
		{ACCD69BA-43F1-4F0C-AFD2-F7FC0EC62E00}.Debug|Any CPU.ActiveCfg = Debug|Any CPU
		{ACCD69BA-43F1-4F0C-AFD2-F7FC0EC62E00}.Debug|Any CPU.Build.0 = Debug|Any CPU
		{ACCD69BA-43F1-4F0C-AFD2-F7FC0EC62E00}.Release|Any CPU.ActiveCfg = Release|Any CPU
		{ACCD69BA-43F1-4F0C-AFD2-F7FC0EC62E00}.Release|Any CPU.Build.0 = Release|Any CPU
		{843F5615-00BD-4288-8CE6-3CDFA7766C19}.Debug|Any CPU.ActiveCfg = Debug|Any CPU
		{843F5615-00BD-4288-8CE6-3CDFA7766C19}.Debug|Any CPU.Build.0 = Debug|Any CPU
		{843F5615-00BD-4288-8CE6-3CDFA7766C19}.Release|Any CPU.ActiveCfg = Release|Any CPU
		{843F5615-00BD-4288-8CE6-3CDFA7766C19}.Release|Any CPU.Build.0 = Release|Any CPU
		{71A6E1E9-393C-42F2-906A-20C0F2FD0760}.Debug|Any CPU.ActiveCfg = Debug|Any CPU
		{71A6E1E9-393C-42F2-906A-20C0F2FD0760}.Debug|Any CPU.Build.0 = Debug|Any CPU
		{71A6E1E9-393C-42F2-906A-20C0F2FD0760}.Release|Any CPU.ActiveCfg = Release|Any CPU
		{71A6E1E9-393C-42F2-906A-20C0F2FD0760}.Release|Any CPU.Build.0 = Release|Any CPU
		{CC626F2A-1170-48E2-821D-F355387B5125}.Debug|Any CPU.ActiveCfg = Debug|Any CPU
		{CC626F2A-1170-48E2-821D-F355387B5125}.Debug|Any CPU.Build.0 = Debug|Any CPU
		{CC626F2A-1170-48E2-821D-F355387B5125}.Release|Any CPU.ActiveCfg = Release|Any CPU
		{CC626F2A-1170-48E2-821D-F355387B5125}.Release|Any CPU.Build.0 = Release|Any CPU
		{2EF51DB1-91CA-4BE9-A87F-959EB45F7DA3}.Debug|Any CPU.ActiveCfg = Debug|Any CPU
		{2EF51DB1-91CA-4BE9-A87F-959EB45F7DA3}.Debug|Any CPU.Build.0 = Debug|Any CPU
		{2EF51DB1-91CA-4BE9-A87F-959EB45F7DA3}.Release|Any CPU.ActiveCfg = Release|Any CPU
		{2EF51DB1-91CA-4BE9-A87F-959EB45F7DA3}.Release|Any CPU.Build.0 = Release|Any CPU
		{542013F6-902C-486F-A0AA-B07836540C0C}.Debug|Any CPU.ActiveCfg = Debug|Any CPU
		{542013F6-902C-486F-A0AA-B07836540C0C}.Debug|Any CPU.Build.0 = Debug|Any CPU
		{542013F6-902C-486F-A0AA-B07836540C0C}.Release|Any CPU.ActiveCfg = Release|Any CPU
		{542013F6-902C-486F-A0AA-B07836540C0C}.Release|Any CPU.Build.0 = Release|Any CPU
		{F47DFFFB-CAB6-4074-A26E-9B5C71E2B681}.Debug|Any CPU.ActiveCfg = Debug|Any CPU
		{F47DFFFB-CAB6-4074-A26E-9B5C71E2B681}.Debug|Any CPU.Build.0 = Debug|Any CPU
		{F47DFFFB-CAB6-4074-A26E-9B5C71E2B681}.Release|Any CPU.ActiveCfg = Release|Any CPU
		{F47DFFFB-CAB6-4074-A26E-9B5C71E2B681}.Release|Any CPU.Build.0 = Release|Any CPU
		{EB59A28E-48A3-430B-8FEC-0481E59796DA}.Debug|Any CPU.ActiveCfg = Debug|Any CPU
		{EB59A28E-48A3-430B-8FEC-0481E59796DA}.Debug|Any CPU.Build.0 = Debug|Any CPU
		{EB59A28E-48A3-430B-8FEC-0481E59796DA}.Release|Any CPU.ActiveCfg = Release|Any CPU
		{EB59A28E-48A3-430B-8FEC-0481E59796DA}.Release|Any CPU.Build.0 = Release|Any CPU
		{3C29D632-431A-4935-86CA-D5BB23A217A4}.Debug|Any CPU.ActiveCfg = Debug|Any CPU
		{3C29D632-431A-4935-86CA-D5BB23A217A4}.Debug|Any CPU.Build.0 = Debug|Any CPU
		{3C29D632-431A-4935-86CA-D5BB23A217A4}.Release|Any CPU.ActiveCfg = Release|Any CPU
		{3C29D632-431A-4935-86CA-D5BB23A217A4}.Release|Any CPU.Build.0 = Release|Any CPU
		{F485C621-CCB1-4E93-81A6-F84220EF3C6F}.Debug|Any CPU.ActiveCfg = Debug|Any CPU
		{F485C621-CCB1-4E93-81A6-F84220EF3C6F}.Debug|Any CPU.Build.0 = Debug|Any CPU
		{F485C621-CCB1-4E93-81A6-F84220EF3C6F}.Release|Any CPU.ActiveCfg = Release|Any CPU
		{F485C621-CCB1-4E93-81A6-F84220EF3C6F}.Release|Any CPU.Build.0 = Release|Any CPU
	EndGlobalSection
	GlobalSection(SolutionProperties) = preSolution
		HideSolutionNode = FALSE
	EndGlobalSection
	GlobalSection(NestedProjects) = preSolution
		{A9474D13-A118-479C-B645-54522484FCDB} = {B19419A4-BCC8-43B7-BDD6-CF18AC62324E}
		{6DD4904F-DEB0-4D5D-BAB9-2DCFCD90BF98} = {4A872D52-C30B-4E0D-8B99-2C1E738EEE5C}
		{86C0B4FA-DD28-46ED-AEF1-D090A7B819A2} = {4A872D52-C30B-4E0D-8B99-2C1E738EEE5C}
		{5A11F8F4-CD9F-4F6E-A2CF-75BAF58FD5E8} = {B19419A4-BCC8-43B7-BDD6-CF18AC62324E}
		{E243884F-8FE6-4152-B8F6-A3D51E84CF9C} = {B19419A4-BCC8-43B7-BDD6-CF18AC62324E}
		{983F2111-C8E7-47D1-8EC3-E2F3DDF612AE} = {4A872D52-C30B-4E0D-8B99-2C1E738EEE5C}
		{4600F0F5-CEE9-4C42-BE21-992E80633494} = {B19419A4-BCC8-43B7-BDD6-CF18AC62324E}
		{1F6520B3-D748-476D-AB55-7B339117D78F} = {B19419A4-BCC8-43B7-BDD6-CF18AC62324E}
		{F405C799-FE03-4FCA-89F1-59E932D14D5B} = {4A872D52-C30B-4E0D-8B99-2C1E738EEE5C}
		{F12E8EC3-DADC-4EF4-B834-137220CB313C} = {4A872D52-C30B-4E0D-8B99-2C1E738EEE5C}
		{964F3CF6-0E81-4C91-8AA7-1CA4787F8076} = {4A872D52-C30B-4E0D-8B99-2C1E738EEE5C}
		{4ADD3075-D395-483A-9497-6603D74E4D7F} = {CFBC6531-751C-4189-A935-85A74A349FF9}
		{EFFE7DAE-8381-463F-B841-EB6368352AF1} = {CFBC6531-751C-4189-A935-85A74A349FF9}
		{E8FE13D3-113C-405F-BFA6-5906FF0B88CE} = {CFBC6531-751C-4189-A935-85A74A349FF9}
		{10E7309A-B7BC-4EE4-9B57-7D062AB3111C} = {CFBC6531-751C-4189-A935-85A74A349FF9}
		{ACCD69BA-43F1-4F0C-AFD2-F7FC0EC62E00} = {CFBC6531-751C-4189-A935-85A74A349FF9}
		{843F5615-00BD-4288-8CE6-3CDFA7766C19} = {CFBC6531-751C-4189-A935-85A74A349FF9}
		{71A6E1E9-393C-42F2-906A-20C0F2FD0760} = {4A872D52-C30B-4E0D-8B99-2C1E738EEE5C}
		{CC626F2A-1170-48E2-821D-F355387B5125} = {7D555450-D3A0-4E14-B8A2-9998CE8E059E}
		{2EF51DB1-91CA-4BE9-A87F-959EB45F7DA3} = {7D555450-D3A0-4E14-B8A2-9998CE8E059E}
		{542013F6-902C-486F-A0AA-B07836540C0C} = {7D555450-D3A0-4E14-B8A2-9998CE8E059E}
		{F47DFFFB-CAB6-4074-A26E-9B5C71E2B681} = {7D555450-D3A0-4E14-B8A2-9998CE8E059E}
		{EB59A28E-48A3-430B-8FEC-0481E59796DA} = {7D555450-D3A0-4E14-B8A2-9998CE8E059E}
		{3C29D632-431A-4935-86CA-D5BB23A217A4} = {B19419A4-BCC8-43B7-BDD6-CF18AC62324E}
		{F485C621-CCB1-4E93-81A6-F84220EF3C6F} = {4A872D52-C30B-4E0D-8B99-2C1E738EEE5C}
	EndGlobalSection
	GlobalSection(ExtensibilityGlobals) = postSolution
		SolutionGuid = {A2FD821D-2350-45A4-B133-18C8F64EA960}
	EndGlobalSection
EndGlobal
